Microsoft Visual Studio Solution File, Format Version 12.00
# Visual Studio Version 17
VisualStudioVersion = 17.5.2.0
MinimumVisualStudioVersion = 10.0.40219.1
Project("{2150E333-8FDC-42A3-9474-1A3956D46DE8}") = "ShearwaterDiveLogParser", "ShearwaterDiveLogParser", "{B9627628-EE52-A2FB-C6C5-0FB920C9B963}"
EndProject
Project("{2150E333-8FDC-42A3-9474-1A3956D46DE8}") = "ShearwaterDiveLogParser", "ShearwaterDiveLogParser", "{0D9E7342-8B54-2B73-FED7-07092CBA36C8}"
EndProject
Project("{FAE04EC0-301F-11D3-BF4B-00C04F79EFBC}") = "ShearwaterDiveLogExporter", "ShearwaterDiveLogParser\ShearwaterDiveLogParser\ShearwaterDiveLogExporter.csproj", "{5831D5FD-6584-30E7-CE43-FA9E18B149C2}"
EndProject
Global
	GlobalSection(SolutionConfigurationPlatforms) = preSolution
		Debug|Any CPU = Debug|Any CPU
		Release|Any CPU = Release|Any CPU
	EndGlobalSection
	GlobalSection(ProjectConfigurationPlatforms) = postSolution
		{5831D5FD-6584-30E7-CE43-FA9E18B149C2}.Debug|Any CPU.ActiveCfg = Debug|Any CPU
		{5831D5FD-6584-30E7-CE43-FA9E18B149C2}.Debug|Any CPU.Build.0 = Debug|Any CPU
		{5831D5FD-6584-30E7-CE43-FA9E18B149C2}.Release|Any CPU.ActiveCfg = Release|Any CPU
		{5831D5FD-6584-30E7-CE43-FA9E18B149C2}.Release|Any CPU.Build.0 = Release|Any CPU
	EndGlobalSection
	GlobalSection(SolutionProperties) = preSolution
		HideSolutionNode = FALSE
	EndGlobalSection
	GlobalSection(NestedProjects) = preSolution
		{0D9E7342-8B54-2B73-FED7-07092CBA36C8} = {B9627628-EE52-A2FB-C6C5-0FB920C9B963}
		{5831D5FD-6584-30E7-CE43-FA9E18B149C2} = {0D9E7342-8B54-2B73-FED7-07092CBA36C8}
	EndGlobalSection
	GlobalSection(ExtensibilityGlobals) = postSolution
		SolutionGuid = {98B93E19-2678-404E-9727-E7B11E24605B}
	EndGlobalSection
EndGlobal
